// !$*UTF8*$!
{
	archiveVersion = 1;
	classes = {
	};
	objectVersion = 50;
	objects = {

/* Begin PBXBuildFile section */
		04BA52CD266BD4AE00130AC3 /* LibraryDescription.swift in Sources */ = {isa = PBXBuildFile; fileRef = 04BA52CC266BD4AE00130AC3 /* LibraryDescription.swift */; };
		04CE701C266523D80030EEBA /* AppleMusicSwiftUIApp.swift in Sources */ = {isa = PBXBuildFile; fileRef = 04CE701B266523D80030EEBA /* AppleMusicSwiftUIApp.swift */; };
		04CE701E266523D80030EEBA /* ContentView.swift in Sources */ = {isa = PBXBuildFile; fileRef = 04CE701D266523D80030EEBA /* ContentView.swift */; };
		04CE7020266523DB0030EEBA /* Assets.xcassets in Resources */ = {isa = PBXBuildFile; fileRef = 04CE701F266523DB0030EEBA /* Assets.xcassets */; };
		04CE7023266523DB0030EEBA /* Preview Assets.xcassets in Resources */ = {isa = PBXBuildFile; fileRef = 04CE7022266523DB0030EEBA /* Preview Assets.xcassets */; };
		04CE702D2666073F0030EEBA /* LibraryView.swift in Sources */ = {isa = PBXBuildFile; fileRef = 04CE702C2666073F0030EEBA /* LibraryView.swift */; };
		04CE703926675D030030EEBA /* Miniplayer.swift in Sources */ = {isa = PBXBuildFile; fileRef = 04CE703826675D030030EEBA /* Miniplayer.swift */; };
		04CE703E2667771E0030EEBA /* App.swift in Sources */ = {isa = PBXBuildFile; fileRef = 04CE703D2667771E0030EEBA /* App.swift */; };
		04CE70552668CB730030EEBA /* LibraryItem.swift in Sources */ = {isa = PBXBuildFile; fileRef = 04CE70542668CB730030EEBA /* LibraryItem.swift */; };
/* End PBXBuildFile section */

/* Begin PBXFileReference section */
		04BA52CC266BD4AE00130AC3 /* LibraryDescription.swift */ = {isa = PBXFileReference; lastKnownFileType = sourcecode.swift; path = LibraryDescription.swift; sourceTree = "<group>"; };
		04CE7018266523D80030EEBA /* AppleMusicSwiftUI.app */ = {isa = PBXFileReference; explicitFileType = wrapper.application; includeInIndex = 0; path = AppleMusicSwiftUI.app; sourceTree = BUILT_PRODUCTS_DIR; };
		04CE701B266523D80030EEBA /* AppleMusicSwiftUIApp.swift */ = {isa = PBXFileReference; lastKnownFileType = sourcecode.swift; path = AppleMusicSwiftUIApp.swift; sourceTree = "<group>"; };
		04CE701D266523D80030EEBA /* ContentView.swift */ = {isa = PBXFileReference; lastKnownFileType = sourcecode.swift; path = ContentView.swift; sourceTree = "<group>"; };
		04CE701F266523DB0030EEBA /* Assets.xcassets */ = {isa = PBXFileReference; lastKnownFileType = folder.assetcatalog; path = Assets.xcassets; sourceTree = "<group>"; };
		04CE7022266523DB0030EEBA /* Preview Assets.xcassets */ = {isa = PBXFileReference; lastKnownFileType = folder.assetcatalog; path = "Preview Assets.xcassets"; sourceTree = "<group>"; };
		04CE7024266523DB0030EEBA /* Info.plist */ = {isa = PBXFileReference; lastKnownFileType = text.plist.xml; path = Info.plist; sourceTree = "<group>"; };
		04CE702C2666073F0030EEBA /* LibraryView.swift */ = {isa = PBXFileReference; lastKnownFileType = sourcecode.swift; path = LibraryView.swift; sourceTree = "<group>"; };
		04CE703826675D030030EEBA /* Miniplayer.swift */ = {isa = PBXFileReference; lastKnownFileType = sourcecode.swift; path = Miniplayer.swift; sourceTree = "<group>"; };
		04CE703D2667771E0030EEBA /* App.swift */ = {isa = PBXFileReference; lastKnownFileType = sourcecode.swift; path = App.swift; sourceTree = "<group>"; };
		04CE70542668CB730030EEBA /* LibraryItem.swift */ = {isa = PBXFileReference; lastKnownFileType = sourcecode.swift; path = LibraryItem.swift; sourceTree = "<group>"; };
/* End PBXFileReference section */

/* Begin PBXFrameworksBuildPhase section */
		04CE7015266523D80030EEBA /* Frameworks */ = {
			isa = PBXFrameworksBuildPhase;
			buildActionMask = 2147483647;
			files = (
			);
			runOnlyForDeploymentPostprocessing = 0;
		};
/* End PBXFrameworksBuildPhase section */

/* Begin PBXGroup section */
		04BA52CF266BE44100130AC3 /* LibraryModels */ = {
			isa = PBXGroup;
			children = (
				04CE70542668CB730030EEBA /* LibraryItem.swift */,
				04BA52CC266BD4AE00130AC3 /* LibraryDescription.swift */,
			);
			path = LibraryModels;
			sourceTree = "<group>";
		};
		04CE700F266523D80030EEBA = {
			isa = PBXGroup;
			children = (
				04CE701A266523D80030EEBA /* AppleMusicSwiftUI */,
				04CE7019266523D80030EEBA /* Products */,
			);
			sourceTree = "<group>";
		};
		04CE7019266523D80030EEBA /* Products */ = {
			isa = PBXGroup;
			children = (
				04CE7018266523D80030EEBA /* AppleMusicSwiftUI.app */,
			);
			name = Products;
			sourceTree = "<group>";
		};
		04CE701A266523D80030EEBA /* AppleMusicSwiftUI */ = {
			isa = PBXGroup;
			children = (
				04CE703B266776F20030EEBA /* App */,
				04CE703626675CBE0030EEBA /* View */,
				04CE701F266523DB0030EEBA /* Assets.xcassets */,
				04CE7024266523DB0030EEBA /* Info.plist */,
				04CE7021266523DB0030EEBA /* Preview Content */,
			);
			path = AppleMusicSwiftUI;
			sourceTree = "<group>";
		};
		04CE7021266523DB0030EEBA /* Preview Content */ = {
			isa = PBXGroup;
			children = (
				04CE7022266523DB0030EEBA /* Preview Assets.xcassets */,
			);
			path = "Preview Content";
			sourceTree = "<group>";
		};
		04CE703626675CBE0030EEBA /* View */ = {
			isa = PBXGroup;
			children = (
				04CE701D266523D80030EEBA /* ContentView.swift */,
				04CE704F2668C8F70030EEBA /* Modules */,
			);
			path = View;
			sourceTree = "<group>";
		};
		04CE703B266776F20030EEBA /* App */ = {
			isa = PBXGroup;
			children = (
				04CE701B266523D80030EEBA /* AppleMusicSwiftUIApp.swift */,
			);
			name = App;
			path = View/App;
			sourceTree = "<group>";
		};
		04CE704E2668C8DE0030EEBA /* Library */ = {
			isa = PBXGroup;
			children = (
				04BA52CF266BE44100130AC3 /* LibraryModels */,
				04CE702C2666073F0030EEBA /* LibraryView.swift */,
				04CE70502668C90D0030EEBA /* Models */,
			);
			path = Library;
			sourceTree = "<group>";
		};
		04CE704F2668C8F70030EEBA /* Modules */ = {
			isa = PBXGroup;
			children = (
				04CE704E2668C8DE0030EEBA /* Library */,
				04CE70512668C9310030EEBA /* Radio */,
				04CE70522668C93A0030EEBA /* Search */,
			);
			path = Modules;
			sourceTree = "<group>";
		};
		04CE70502668C90D0030EEBA /* Models */ = {
			isa = PBXGroup;
			children = (
				04CE703826675D030030EEBA /* Miniplayer.swift */,
				04CE703D2667771E0030EEBA /* App.swift */,
			);
			path = Models;
			sourceTree = "<group>";
		};
		04CE70512668C9310030EEBA /* Radio */ = {
			isa = PBXGroup;
			children = (
			);
			path = Radio;
			sourceTree = "<group>";
		};
		04CE70522668C93A0030EEBA /* Search */ = {
			isa = PBXGroup;
			children = (
			);
			path = Search;
			sourceTree = "<group>";
		};
/* End PBXGroup section */

/* Begin PBXNativeTarget section */
		04CE7017266523D80030EEBA /* AppleMusicSwiftUI */ = {
			isa = PBXNativeTarget;
			buildConfigurationList = 04CE7027266523DB0030EEBA /* Build configuration list for PBXNativeTarget "AppleMusicSwiftUI" */;
			buildPhases = (
				04CE7014266523D80030EEBA /* Sources */,
				04CE7015266523D80030EEBA /* Frameworks */,
				04CE7016266523D80030EEBA /* Resources */,
			);
			buildRules = (
			);
			dependencies = (
			);
			name = AppleMusicSwiftUI;
			productName = AppleMusicSwiftUI;
			productReference = 04CE7018266523D80030EEBA /* AppleMusicSwiftUI.app */;
			productType = "com.apple.product-type.application";
		};
/* End PBXNativeTarget section */

/* Begin PBXProject section */
		04CE7010266523D80030EEBA /* Project object */ = {
			isa = PBXProject;
			attributes = {
				LastSwiftUpdateCheck = 1240;
				LastUpgradeCheck = 1240;
				TargetAttributes = {
					04CE7017266523D80030EEBA = {
						CreatedOnToolsVersion = 12.4;
					};
				};
			};
			buildConfigurationList = 04CE7013266523D80030EEBA /* Build configuration list for PBXProject "AppleMusicSwiftUI" */;
			compatibilityVersion = "Xcode 9.3";
			developmentRegion = en;
			hasScannedForEncodings = 0;
			knownRegions = (
				en,
				Base,
			);
			mainGroup = 04CE700F266523D80030EEBA;
			productRefGroup = 04CE7019266523D80030EEBA /* Products */;
			projectDirPath = "";
			projectRoot = "";
			targets = (
				04CE7017266523D80030EEBA /* AppleMusicSwiftUI */,
			);
		};
/* End PBXProject section */

/* Begin PBXResourcesBuildPhase section */
		04CE7016266523D80030EEBA /* Resources */ = {
			isa = PBXResourcesBuildPhase;
			buildActionMask = 2147483647;
			files = (
				04CE7023266523DB0030EEBA /* Preview Assets.xcassets in Resources */,
				04CE7020266523DB0030EEBA /* Assets.xcassets in Resources */,
			);
			runOnlyForDeploymentPostprocessing = 0;
		};
/* End PBXResourcesBuildPhase section */

/* Begin PBXSourcesBuildPhase section */
		04CE7014266523D80030EEBA /* Sources */ = {
			isa = PBXSourcesBuildPhase;
			buildActionMask = 2147483647;
			files = (
				04BA52CD266BD4AE00130AC3 /* LibraryDescription.swift in Sources */,
				04CE701E266523D80030EEBA /* ContentView.swift in Sources */,
				04CE703926675D030030EEBA /* Miniplayer.swift in Sources */,
				04CE70552668CB730030EEBA /* LibraryItem.swift in Sources */,
				04CE703E2667771E0030EEBA /* App.swift in Sources */,
				04CE702D2666073F0030EEBA /* LibraryView.swift in Sources */,
				04CE701C266523D80030EEBA /* AppleMusicSwiftUIApp.swift in Sources */,
			);
			runOnlyForDeploymentPostprocessing = 0;
		};
/* End PBXSourcesBuildPhase section */

/* Begin XCBuildConfiguration section */
		04CE7025266523DB0030EEBA /* Debug */ = {
			isa = XCBuildConfiguration;
			buildSettings = {
				ALWAYS_SEARCH_USER_PATHS = NO;
				CLANG_ANALYZER_NONNULL = YES;
				CLANG_ANALYZER_NUMBER_OBJECT_CONVERSION = YES_AGGRESSIVE;
				CLANG_CXX_LANGUAGE_STANDARD = "gnu++14";
				CLANG_CXX_LIBRARY = "libc++";
				CLANG_ENABLE_MODULES = YES;
				CLANG_ENABLE_OBJC_ARC = YES;
				CLANG_ENABLE_OBJC_WEAK = YES;
				CLANG_WARN_BLOCK_CAPTURE_AUTORELEASING = YES;
				CLANG_WARN_BOOL_CONVERSION = YES;
				CLANG_WARN_COMMA = YES;
				CLANG_WARN_CONSTANT_CONVERSION = YES;
				CLANG_WARN_DEPRECATED_OBJC_IMPLEMENTATIONS = YES;
				CLANG_WARN_DIRECT_OBJC_ISA_USAGE = YES_ERROR;
				CLANG_WARN_DOCUMENTATION_COMMENTS = YES;
				CLANG_WARN_EMPTY_BODY = YES;
				CLANG_WARN_ENUM_CONVERSION = YES;
				CLANG_WARN_INFINITE_RECURSION = YES;
				CLANG_WARN_INT_CONVERSION = YES;
				CLANG_WARN_NON_LITERAL_NULL_CONVERSION = YES;
				CLANG_WARN_OBJC_IMPLICIT_RETAIN_SELF = YES;
				CLANG_WARN_OBJC_LITERAL_CONVERSION = YES;
				CLANG_WARN_OBJC_ROOT_CLASS = YES_ERROR;
				CLANG_WARN_QUOTED_INCLUDE_IN_FRAMEWORK_HEADER = YES;
				CLANG_WARN_RANGE_LOOP_ANALYSIS = YES;
				CLANG_WARN_STRICT_PROTOTYPES = YES;
				CLANG_WARN_SUSPICIOUS_MOVE = YES;
				CLANG_WARN_UNGUARDED_AVAILABILITY = YES_AGGRESSIVE;
				CLANG_WARN_UNREACHABLE_CODE = YES;
				CLANG_WARN__DUPLICATE_METHOD_MATCH = YES;
				COPY_PHASE_STRIP = NO;
				DEBUG_INFORMATION_FORMAT = dwarf;
				ENABLE_STRICT_OBJC_MSGSEND = YES;
				ENABLE_TESTABILITY = YES;
				GCC_C_LANGUAGE_STANDARD = gnu11;
				GCC_DYNAMIC_NO_PIC = NO;
				GCC_NO_COMMON_BLOCKS = YES;
				GCC_OPTIMIZATION_LEVEL = 0;
				GCC_PREPROCESSOR_DEFINITIONS = (
					"DEBUG=1",
					"$(inherited)",
				);
				GCC_WARN_64_TO_32_BIT_CONVERSION = YES;
				GCC_WARN_ABOUT_RETURN_TYPE = YES_ERROR;
				GCC_WARN_UNDECLARED_SELECTOR = YES;
				GCC_WARN_UNINITIALIZED_AUTOS = YES_AGGRESSIVE;
				GCC_WARN_UNUSED_FUNCTION = YES;
				GCC_WARN_UNUSED_VARIABLE = YES;
				IPHONEOS_DEPLOYMENT_TARGET = 14.4;
				MTL_ENABLE_DEBUG_INFO = INCLUDE_SOURCE;
				MTL_FAST_MATH = YES;
				ONLY_ACTIVE_ARCH = YES;
				SDKROOT = iphoneos;
				SWIFT_ACTIVE_COMPILATION_CONDITIONS = DEBUG;
				SWIFT_OPTIMIZATION_LEVEL = "-Onone";
			};
			name = Debug;
		};
		04CE7026266523DB0030EEBA /* Release */ = {
			isa = XCBuildConfiguration;
			buildSettings = {
				ALWAYS_SEARCH_USER_PATHS = NO;
				CLANG_ANALYZER_NONNULL = YES;
				CLANG_ANALYZER_NUMBER_OBJECT_CONVERSION = YES_AGGRESSIVE;
				CLANG_CXX_LANGUAGE_STANDARD = "gnu++14";
				CLANG_CXX_LIBRARY = "libc++";
				CLANG_ENABLE_MODULES = YES;
				CLANG_ENABLE_OBJC_ARC = YES;
				CLANG_ENABLE_OBJC_WEAK = YES;
				CLANG_WARN_BLOCK_CAPTURE_AUTORELEASING = YES;
				CLANG_WARN_BOOL_CONVERSION = YES;
				CLANG_WARN_COMMA = YES;
				CLANG_WARN_CONSTANT_CONVERSION = YES;
				CLANG_WARN_DEPRECATED_OBJC_IMPLEMENTATIONS = YES;
				CLANG_WARN_DIRECT_OBJC_ISA_USAGE = YES_ERROR;
				CLANG_WARN_DOCUMENTATION_COMMENTS = YES;
				CLANG_WARN_EMPTY_BODY = YES;
				CLANG_WARN_ENUM_CONVERSION = YES;
				CLANG_WARN_INFINITE_RECURSION = YES;
				CLANG_WARN_INT_CONVERSION = YES;
				CLANG_WARN_NON_LITERAL_NULL_CONVERSION = YES;
				CLANG_WARN_OBJC_IMPLICIT_RETAIN_SELF = YES;
				CLANG_WARN_OBJC_LITERAL_CONVERSION = YES;
				CLANG_WARN_OBJC_ROOT_CLASS = YES_ERROR;
				CLANG_WARN_QUOTED_INCLUDE_IN_FRAMEWORK_HEADER = YES;
				CLANG_WARN_RANGE_LOOP_ANALYSIS = YES;
				CLANG_WARN_STRICT_PROTOTYPES = YES;
				CLANG_WARN_SUSPICIOUS_MOVE = YES;
				CLANG_WARN_UNGUARDED_AVAILABILITY = YES_AGGRESSIVE;
				CLANG_WARN_UNREACHABLE_CODE = YES;
				CLANG_WARN__DUPLICATE_METHOD_MATCH = YES;
				COPY_PHASE_STRIP = NO;
				DEBUG_INFORMATION_FORMAT = "dwarf-with-dsym";
				ENABLE_NS_ASSERTIONS = NO;
				ENABLE_STRICT_OBJC_MSGSEND = YES;
				GCC_C_LANGUAGE_STANDARD = gnu11;
				GCC_NO_COMMON_BLOCKS = YES;
				GCC_WARN_64_TO_32_BIT_CONVERSION = YES;
				GCC_WARN_ABOUT_RETURN_TYPE = YES_ERROR;
				GCC_WARN_UNDECLARED_SELECTOR = YES;
				GCC_WARN_UNINITIALIZED_AUTOS = YES_AGGRESSIVE;
				GCC_WARN_UNUSED_FUNCTION = YES;
				GCC_WARN_UNUSED_VARIABLE = YES;
				IPHONEOS_DEPLOYMENT_TARGET = 14.4;
				MTL_ENABLE_DEBUG_INFO = NO;
				MTL_FAST_MATH = YES;
				SDKROOT = iphoneos;
				SWIFT_COMPILATION_MODE = wholemodule;
				SWIFT_OPTIMIZATION_LEVEL = "-O";
				VALIDATE_PRODUCT = YES;
			};
			name = Release;
		};
		04CE7028266523DB0030EEBA /* Debug */ = {
			isa = XCBuildConfiguration;
			buildSettings = {
				ASSETCATALOG_COMPILER_APPICON_NAME = AppIcon;
				ASSETCATALOG_COMPILER_GLOBAL_ACCENT_COLOR_NAME = AccentColor;
				CODE_SIGN_STYLE = Automatic;
				DEVELOPMENT_ASSET_PATHS = "\"AppleMusicSwiftUI/Preview Content\"";
				DEVELOPMENT_TEAM = G32U4R37V2;
				ENABLE_PREVIEWS = YES;
				INFOPLIST_FILE = AppleMusicSwiftUI/Info.plist;
				IPHONEOS_DEPLOYMENT_TARGET = 14.0;
				LD_RUNPATH_SEARCH_PATHS = (
					"$(inherited)",
					"@executable_path/Frameworks",
				);
				PRODUCT_BUNDLE_IDENTIFIER = MikhailPushkarev.AppleMusicSwiftUI;
				PRODUCT_NAME = "$(TARGET_NAME)";
				SWIFT_VERSION = 5.0;
				TARGETED_DEVICE_FAMILY = "1,2";
			};
			name = Debug;
		};
		04CE7029266523DB0030EEBA /* Release */ = {
			isa = XCBuildConfiguration;
			buildSettings = {
				ASSETCATALOG_COMPILER_APPICON_NAME = AppIcon;
				ASSETCATALOG_COMPILER_GLOBAL_ACCENT_COLOR_NAME = AccentColor;
				CODE_SIGN_STYLE = Automatic;
				DEVELOPMENT_ASSET_PATHS = "\"AppleMusicSwiftUI/Preview Content\"";
				DEVELOPMENT_TEAM = G32U4R37V2;
				ENABLE_PREVIEWS = YES;
				INFOPLIST_FILE = AppleMusicSwiftUI/Info.plist;
				IPHONEOS_DEPLOYMENT_TARGET = 14.0;
				LD_RUNPATH_SEARCH_PATHS = (
					"$(inherited)",
					"@executable_path/Frameworks",
				);
				PRODUCT_BUNDLE_IDENTIFIER = MikhailPushkarev.AppleMusicSwiftUI;
				PRODUCT_NAME = "$(TARGET_NAME)";
				SWIFT_VERSION = 5.0;
				TARGETED_DEVICE_FAMILY = "1,2";
			};
			name = Release;
		};
/* End XCBuildConfiguration section */

/* Begin XCConfigurationList section */
		04CE7013266523D80030EEBA /* Build configuration list for PBXProject "AppleMusicSwiftUI" */ = {
			isa = XCConfigurationList;
			buildConfigurations = (
				04CE7025266523DB0030EEBA /* Debug */,
				04CE7026266523DB0030EEBA /* Release */,
			);
			defaultConfigurationIsVisible = 0;
			defaultConfigurationName = Release;
		};
		04CE7027266523DB0030EEBA /* Build configuration list for PBXNativeTarget "AppleMusicSwiftUI" */ = {
			isa = XCConfigurationList;
			buildConfigurations = (
				04CE7028266523DB0030EEBA /* Debug */,
				04CE7029266523DB0030EEBA /* Release */,
			);
			defaultConfigurationIsVisible = 0;
			defaultConfigurationName = Release;
		};
/* End XCConfigurationList section */
	};
	rootObject = 04CE7010266523D80030EEBA /* Project object */;
}
